// !$*UTF8*$!
{
	archiveVersion = 1;
	classes = {
	};
	objectVersion = 46;
	objects = {

/* Begin PBXBuildFile section */
		E1118AD61934FD7000D453E3 /* SCLoadingView.m in Sources */ = {isa = PBXBuildFile; fileRef = E1118AD51934FD7000D453E3 /* SCLoadingView.m */; };
		E1118AD91935003800D453E3 /* SCRereshHeaderView.m in Sources */ = {isa = PBXBuildFile; fileRef = E1118AD81935003800D453E3 /* SCRereshHeaderView.m */; };
		E162B82A1929160A00C3B944 /* Foundation.framework in Frameworks */ = {isa = PBXBuildFile; fileRef = E162B8291929160A00C3B944 /* Foundation.framework */; };
		E162B82C1929160A00C3B944 /* CoreGraphics.framework in Frameworks */ = {isa = PBXBuildFile; fileRef = E162B82B1929160A00C3B944 /* CoreGraphics.framework */; };
		E162B82E1929160A00C3B944 /* UIKit.framework in Frameworks */ = {isa = PBXBuildFile; fileRef = E162B82D1929160A00C3B944 /* UIKit.framework */; };
		E162B8341929160A00C3B944 /* InfoPlist.strings in Resources */ = {isa = PBXBuildFile; fileRef = E162B8321929160A00C3B944 /* InfoPlist.strings */; };
		E162B8361929160A00C3B944 /* main.m in Sources */ = {isa = PBXBuildFile; fileRef = E162B8351929160A00C3B944 /* main.m */; };
		E162B83A1929160A00C3B944 /* AppDelegate.m in Sources */ = {isa = PBXBuildFile; fileRef = E162B8391929160A00C3B944 /* AppDelegate.m */; };
		E162B83D1929160A00C3B944 /* Main.storyboard in Resources */ = {isa = PBXBuildFile; fileRef = E162B83B1929160A00C3B944 /* Main.storyboard */; };
		E162B8401929160A00C3B944 /* ViewController.m in Sources */ = {isa = PBXBuildFile; fileRef = E162B83F1929160A00C3B944 /* ViewController.m */; };
		E162B8421929160A00C3B944 /* Images.xcassets in Resources */ = {isa = PBXBuildFile; fileRef = E162B8411929160A00C3B944 /* Images.xcassets */; };
		E162B8491929160A00C3B944 /* XCTest.framework in Frameworks */ = {isa = PBXBuildFile; fileRef = E162B8481929160A00C3B944 /* XCTest.framework */; };
		E162B84A1929160A00C3B944 /* Foundation.framework in Frameworks */ = {isa = PBXBuildFile; fileRef = E162B8291929160A00C3B944 /* Foundation.framework */; };
		E162B84B1929160A00C3B944 /* UIKit.framework in Frameworks */ = {isa = PBXBuildFile; fileRef = E162B82D1929160A00C3B944 /* UIKit.framework */; };
		E162B8531929160A00C3B944 /* InfoPlist.strings in Resources */ = {isa = PBXBuildFile; fileRef = E162B8511929160A00C3B944 /* InfoPlist.strings */; };
		E162B8551929160A00C3B944 /* SCTableViewTests.m in Sources */ = {isa = PBXBuildFile; fileRef = E162B8541929160A00C3B944 /* SCTableViewTests.m */; };
		E162B8611929166600C3B944 /* SCTableView.m in Sources */ = {isa = PBXBuildFile; fileRef = E162B8601929166600C3B944 /* SCTableView.m */; };
		E162B869192922D200C3B944 /* SCLoadMoreFooterView.m in Sources */ = {isa = PBXBuildFile; fileRef = E162B868192922D200C3B944 /* SCLoadMoreFooterView.m */; };
		E1D31DD5192C4EFD0073AA65 /* SCMessageManager.m in Sources */ = {isa = PBXBuildFile; fileRef = E1D31DD4192C4EFD0073AA65 /* SCMessageManager.m */; };
		E1D31DE5192C53950073AA65 /* DCCrossHairView.m in Sources */ = {isa = PBXBuildFile; fileRef = E1D31DD9192C53950073AA65 /* DCCrossHairView.m */; };
		E1D31DE6192C53950073AA65 /* DCFrameView.m in Sources */ = {isa = PBXBuildFile; fileRef = E1D31DDB192C53950073AA65 /* DCFrameView.m */; };
		E1D31DE7192C53950073AA65 /* DCIntrospect.m in Sources */ = {isa = PBXBuildFile; fileRef = E1D31DDD192C53950073AA65 /* DCIntrospect.m */; };
		E1D31DE8192C53950073AA65 /* DCStatusBarOverlay.m in Sources */ = {isa = PBXBuildFile; fileRef = E1D31DE0192C53950073AA65 /* DCStatusBarOverlay.m */; };
		E1D31DE9192C53950073AA65 /* DCTextView.m in Sources */ = {isa = PBXBuildFile; fileRef = E1D31DE2192C53950073AA65 /* DCTextView.m */; };
		E1D31DEA192C53950073AA65 /* UIView+DCAdditions.m in Sources */ = {isa = PBXBuildFile; fileRef = E1D31DE4192C53950073AA65 /* UIView+DCAdditions.m */; };
/* End PBXBuildFile section */

/* Begin PBXContainerItemProxy section */
		E162B84C1929160A00C3B944 /* PBXContainerItemProxy */ = {
			isa = PBXContainerItemProxy;
			containerPortal = E162B81E1929160A00C3B944 /* Project object */;
			proxyType = 1;
			remoteGlobalIDString = E162B8251929160A00C3B944;
			remoteInfo = SCTableView;
		};
/* End PBXContainerItemProxy section */

/* Begin PBXFileReference section */
		E1118AD41934FD7000D453E3 /* SCLoadingView.h */ = {isa = PBXFileReference; fileEncoding = 4; lastKnownFileType = sourcecode.c.h; name = SCLoadingView.h; path = SCTableView/SCLoadingView.h; sourceTree = "<group>"; };
		E1118AD51934FD7000D453E3 /* SCLoadingView.m */ = {isa = PBXFileReference; fileEncoding = 4; lastKnownFileType = sourcecode.c.objc; name = SCLoadingView.m; path = SCTableView/SCLoadingView.m; sourceTree = "<group>"; };
		E1118AD71935003800D453E3 /* SCRereshHeaderView.h */ = {isa = PBXFileReference; fileEncoding = 4; lastKnownFileType = sourcecode.c.h; name = SCRereshHeaderView.h; path = SCTableView/SCRereshHeaderView.h; sourceTree = "<group>"; };
		E1118AD81935003800D453E3 /* SCRereshHeaderView.m */ = {isa = PBXFileReference; fileEncoding = 4; lastKnownFileType = sourcecode.c.objc; name = SCRereshHeaderView.m; path = SCTableView/SCRereshHeaderView.m; sourceTree = "<group>"; };
		E162B8261929160A00C3B944 /* SCTableView.app */ = {isa = PBXFileReference; explicitFileType = wrapper.application; includeInIndex = 0; path = SCTableView.app; sourceTree = BUILT_PRODUCTS_DIR; };
		E162B8291929160A00C3B944 /* Foundation.framework */ = {isa = PBXFileReference; lastKnownFileType = wrapper.framework; name = Foundation.framework; path = System/Library/Frameworks/Foundation.framework; sourceTree = SDKROOT; };
		E162B82B1929160A00C3B944 /* CoreGraphics.framework */ = {isa = PBXFileReference; lastKnownFileType = wrapper.framework; name = CoreGraphics.framework; path = System/Library/Frameworks/CoreGraphics.framework; sourceTree = SDKROOT; };
		E162B82D1929160A00C3B944 /* UIKit.framework */ = {isa = PBXFileReference; lastKnownFileType = wrapper.framework; name = UIKit.framework; path = System/Library/Frameworks/UIKit.framework; sourceTree = SDKROOT; };
		E162B8311929160A00C3B944 /* SCTableView-Info.plist */ = {isa = PBXFileReference; lastKnownFileType = text.plist.xml; path = "SCTableView-Info.plist"; sourceTree = "<group>"; };
		E162B8331929160A00C3B944 /* en */ = {isa = PBXFileReference; lastKnownFileType = text.plist.strings; name = en; path = en.lproj/InfoPlist.strings; sourceTree = "<group>"; };
		E162B8351929160A00C3B944 /* main.m */ = {isa = PBXFileReference; lastKnownFileType = sourcecode.c.objc; path = main.m; sourceTree = "<group>"; };
		E162B8371929160A00C3B944 /* SCTableView-Prefix.pch */ = {isa = PBXFileReference; lastKnownFileType = sourcecode.c.h; path = "SCTableView-Prefix.pch"; sourceTree = "<group>"; };
		E162B8381929160A00C3B944 /* AppDelegate.h */ = {isa = PBXFileReference; lastKnownFileType = sourcecode.c.h; path = AppDelegate.h; sourceTree = "<group>"; };
		E162B8391929160A00C3B944 /* AppDelegate.m */ = {isa = PBXFileReference; lastKnownFileType = sourcecode.c.objc; path = AppDelegate.m; sourceTree = "<group>"; };
		E162B83C1929160A00C3B944 /* Base */ = {isa = PBXFileReference; lastKnownFileType = file.storyboard; name = Base; path = Base.lproj/Main.storyboard; sourceTree = "<group>"; };
		E162B83E1929160A00C3B944 /* ViewController.h */ = {isa = PBXFileReference; lastKnownFileType = sourcecode.c.h; path = ViewController.h; sourceTree = "<group>"; };
		E162B83F1929160A00C3B944 /* ViewController.m */ = {isa = PBXFileReference; lastKnownFileType = sourcecode.c.objc; path = ViewController.m; sourceTree = "<group>"; };
		E162B8411929160A00C3B944 /* Images.xcassets */ = {isa = PBXFileReference; lastKnownFileType = folder.assetcatalog; path = Images.xcassets; sourceTree = "<group>"; };
		E162B8471929160A00C3B944 /* SCTableViewTests.xctest */ = {isa = PBXFileReference; explicitFileType = wrapper.cfbundle; includeInIndex = 0; path = SCTableViewTests.xctest; sourceTree = BUILT_PRODUCTS_DIR; };
		E162B8481929160A00C3B944 /* XCTest.framework */ = {isa = PBXFileReference; lastKnownFileType = wrapper.framework; name = XCTest.framework; path = Library/Frameworks/XCTest.framework; sourceTree = DEVELOPER_DIR; };
		E162B8501929160A00C3B944 /* SCTableViewTests-Info.plist */ = {isa = PBXFileReference; lastKnownFileType = text.plist.xml; path = "SCTableViewTests-Info.plist"; sourceTree = "<group>"; };
		E162B8521929160A00C3B944 /* en */ = {isa = PBXFileReference; lastKnownFileType = text.plist.strings; name = en; path = en.lproj/InfoPlist.strings; sourceTree = "<group>"; };
		E162B8541929160A00C3B944 /* SCTableViewTests.m */ = {isa = PBXFileReference; lastKnownFileType = sourcecode.c.objc; path = SCTableViewTests.m; sourceTree = "<group>"; };
		E162B85F1929166600C3B944 /* SCTableView.h */ = {isa = PBXFileReference; fileEncoding = 4; lastKnownFileType = sourcecode.c.h; name = SCTableView.h; path = SCTableView/SCTableView.h; sourceTree = "<group>"; };
		E162B8601929166600C3B944 /* SCTableView.m */ = {isa = PBXFileReference; fileEncoding = 4; lastKnownFileType = sourcecode.c.objc; name = SCTableView.m; path = SCTableView/SCTableView.m; sourceTree = "<group>"; };
		E162B867192922D200C3B944 /* SCLoadMoreFooterView.h */ = {isa = PBXFileReference; fileEncoding = 4; lastKnownFileType = sourcecode.c.h; name = SCLoadMoreFooterView.h; path = SCTableView/SCLoadMoreFooterView.h; sourceTree = "<group>"; };
		E162B868192922D200C3B944 /* SCLoadMoreFooterView.m */ = {isa = PBXFileReference; fileEncoding = 4; lastKnownFileType = sourcecode.c.objc; name = SCLoadMoreFooterView.m; path = SCTableView/SCLoadMoreFooterView.m; sourceTree = "<group>"; };
		E1D31DD3192C4EFD0073AA65 /* SCMessageManager.h */ = {isa = PBXFileReference; fileEncoding = 4; lastKnownFileType = sourcecode.c.h; name = SCMessageManager.h; path = SCTableView/SCMessageManager.h; sourceTree = "<group>"; };
		E1D31DD4192C4EFD0073AA65 /* SCMessageManager.m */ = {isa = PBXFileReference; fileEncoding = 4; lastKnownFileType = sourcecode.c.objc; name = SCMessageManager.m; path = SCTableView/SCMessageManager.m; sourceTree = "<group>"; };
		E1D31DD8192C53950073AA65 /* DCCrossHairView.h */ = {isa = PBXFileReference; fileEncoding = 4; lastKnownFileType = sourcecode.c.h; path = DCCrossHairView.h; sourceTree = "<group>"; };
		E1D31DD9192C53950073AA65 /* DCCrossHairView.m */ = {isa = PBXFileReference; fileEncoding = 4; lastKnownFileType = sourcecode.c.objc; path = DCCrossHairView.m; sourceTree = "<group>"; };
		E1D31DDA192C53950073AA65 /* DCFrameView.h */ = {isa = PBXFileReference; fileEncoding = 4; lastKnownFileType = sourcecode.c.h; path = DCFrameView.h; sourceTree = "<group>"; };
		E1D31DDB192C53950073AA65 /* DCFrameView.m */ = {isa = PBXFileReference; fileEncoding = 4; lastKnownFileType = sourcecode.c.objc; path = DCFrameView.m; sourceTree = "<group>"; };
		E1D31DDC192C53950073AA65 /* DCIntrospect.h */ = {isa = PBXFileReference; fileEncoding = 4; lastKnownFileType = sourcecode.c.h; path = DCIntrospect.h; sourceTree = "<group>"; };
		E1D31DDD192C53950073AA65 /* DCIntrospect.m */ = {isa = PBXFileReference; fileEncoding = 4; lastKnownFileType = sourcecode.c.objc; path = DCIntrospect.m; sourceTree = "<group>"; };
		E1D31DDE192C53950073AA65 /* DCIntrospectSettings.h */ = {isa = PBXFileReference; fileEncoding = 4; lastKnownFileType = sourcecode.c.h; path = DCIntrospectSettings.h; sourceTree = "<group>"; };
		E1D31DDF192C53950073AA65 /* DCStatusBarOverlay.h */ = {isa = PBXFileReference; fileEncoding = 4; lastKnownFileType = sourcecode.c.h; path = DCStatusBarOverlay.h; sourceTree = "<group>"; };
		E1D31DE0192C53950073AA65 /* DCStatusBarOverlay.m */ = {isa = PBXFileReference; fileEncoding = 4; lastKnownFileType = sourcecode.c.objc; path = DCStatusBarOverlay.m; sourceTree = "<group>"; };
		E1D31DE1192C53950073AA65 /* DCTextView.h */ = {isa = PBXFileReference; fileEncoding = 4; lastKnownFileType = sourcecode.c.h; path = DCTextView.h; sourceTree = "<group>"; };
		E1D31DE2192C53950073AA65 /* DCTextView.m */ = {isa = PBXFileReference; fileEncoding = 4; lastKnownFileType = sourcecode.c.objc; path = DCTextView.m; sourceTree = "<group>"; };
		E1D31DE3192C53950073AA65 /* UIView+DCAdditions.h */ = {isa = PBXFileReference; fileEncoding = 4; lastKnownFileType = sourcecode.c.h; path = "UIView+DCAdditions.h"; sourceTree = "<group>"; };
		E1D31DE4192C53950073AA65 /* UIView+DCAdditions.m */ = {isa = PBXFileReference; fileEncoding = 4; lastKnownFileType = sourcecode.c.objc; path = "UIView+DCAdditions.m"; sourceTree = "<group>"; };
/* End PBXFileReference section */

/* Begin PBXFrameworksBuildPhase section */
		E162B8231929160A00C3B944 /* Frameworks */ = {
			isa = PBXFrameworksBuildPhase;
			buildActionMask = 2147483647;
			files = (
				E162B82C1929160A00C3B944 /* CoreGraphics.framework in Frameworks */,
				E162B82E1929160A00C3B944 /* UIKit.framework in Frameworks */,
				E162B82A1929160A00C3B944 /* Foundation.framework in Frameworks */,
			);
			runOnlyForDeploymentPostprocessing = 0;
		};
		E162B8441929160A00C3B944 /* Frameworks */ = {
			isa = PBXFrameworksBuildPhase;
			buildActionMask = 2147483647;
			files = (
				E162B8491929160A00C3B944 /* XCTest.framework in Frameworks */,
				E162B84B1929160A00C3B944 /* UIKit.framework in Frameworks */,
				E162B84A1929160A00C3B944 /* Foundation.framework in Frameworks */,
			);
			runOnlyForDeploymentPostprocessing = 0;
		};
/* End PBXFrameworksBuildPhase section */

/* Begin PBXGroup section */
		E162B81D1929160A00C3B944 = {
			isa = PBXGroup;
			children = (
				E162B82F1929160A00C3B944 /* SCTableView */,
				E162B84E1929160A00C3B944 /* SCTableViewTests */,
				E162B8281929160A00C3B944 /* Frameworks */,
				E162B8271929160A00C3B944 /* Products */,
			);
			sourceTree = "<group>";
		};
		E162B8271929160A00C3B944 /* Products */ = {
			isa = PBXGroup;
			children = (
				E162B8261929160A00C3B944 /* SCTableView.app */,
				E162B8471929160A00C3B944 /* SCTableViewTests.xctest */,
			);
			name = Products;
			sourceTree = "<group>";
		};
		E162B8281929160A00C3B944 /* Frameworks */ = {
			isa = PBXGroup;
			children = (
				E162B8291929160A00C3B944 /* Foundation.framework */,
				E162B82B1929160A00C3B944 /* CoreGraphics.framework */,
				E162B82D1929160A00C3B944 /* UIKit.framework */,
				E162B8481929160A00C3B944 /* XCTest.framework */,
			);
			name = Frameworks;
			sourceTree = "<group>";
		};
		E162B82F1929160A00C3B944 /* SCTableView */ = {
			isa = PBXGroup;
			children = (
				E162B8381929160A00C3B944 /* AppDelegate.h */,
				E162B8391929160A00C3B944 /* AppDelegate.m */,
				E162B83B1929160A00C3B944 /* Main.storyboard */,
				E162B83E1929160A00C3B944 /* ViewController.h */,
				E162B83F1929160A00C3B944 /* ViewController.m */,
				E162B8411929160A00C3B944 /* Images.xcassets */,
				E1D31DD6192C53950073AA65 /* Vendor */,
				E162B85E1929162B00C3B944 /* SCTableView */,
				E162B8301929160A00C3B944 /* Supporting Files */,
			);
			path = SCTableView;
			sourceTree = "<group>";
		};
		E162B8301929160A00C3B944 /* Supporting Files */ = {
			isa = PBXGroup;
			children = (
				E162B8311929160A00C3B944 /* SCTableView-Info.plist */,
				E162B8321929160A00C3B944 /* InfoPlist.strings */,
				E162B8351929160A00C3B944 /* main.m */,
				E162B8371929160A00C3B944 /* SCTableView-Prefix.pch */,
			);
			name = "Supporting Files";
			sourceTree = "<group>";
		};
		E162B84E1929160A00C3B944 /* SCTableViewTests */ = {
			isa = PBXGroup;
			children = (
				E162B8541929160A00C3B944 /* SCTableViewTests.m */,
				E162B84F1929160A00C3B944 /* Supporting Files */,
			);
			path = SCTableViewTests;
			sourceTree = "<group>";
		};
		E162B84F1929160A00C3B944 /* Supporting Files */ = {
			isa = PBXGroup;
			children = (
				E162B8501929160A00C3B944 /* SCTableViewTests-Info.plist */,
				E162B8511929160A00C3B944 /* InfoPlist.strings */,
			);
			name = "Supporting Files";
			sourceTree = "<group>";
		};
		E162B85E1929162B00C3B944 /* SCTableView */ = {
			isa = PBXGroup;
			children = (
				E162B85F1929166600C3B944 /* SCTableView.h */,
				E162B8601929166600C3B944 /* SCTableView.m */,
				E1D31DD3192C4EFD0073AA65 /* SCMessageManager.h */,
				E1D31DD4192C4EFD0073AA65 /* SCMessageManager.m */,
				E1118AD71935003800D453E3 /* SCRereshHeaderView.h */,
				E1118AD81935003800D453E3 /* SCRereshHeaderView.m */,
				E162B867192922D200C3B944 /* SCLoadMoreFooterView.h */,
				E162B868192922D200C3B944 /* SCLoadMoreFooterView.m */,
				E1118AD41934FD7000D453E3 /* SCLoadingView.h */,
				E1118AD51934FD7000D453E3 /* SCLoadingView.m */,
			);
			name = SCTableView;
			sourceTree = "<group>";
		};
		E1D31DD6192C53950073AA65 /* Vendor */ = {
			isa = PBXGroup;
			children = (
				E1D31DD7192C53950073AA65 /* DCIntrospect-ARC */,
			);
			path = Vendor;
			sourceTree = "<group>";
		};
		E1D31DD7192C53950073AA65 /* DCIntrospect-ARC */ = {
			isa = PBXGroup;
			children = (
				E1D31DD8192C53950073AA65 /* DCCrossHairView.h */,
				E1D31DD9192C53950073AA65 /* DCCrossHairView.m */,
				E1D31DDA192C53950073AA65 /* DCFrameView.h */,
				E1D31DDB192C53950073AA65 /* DCFrameView.m */,
				E1D31DDC192C53950073AA65 /* DCIntrospect.h */,
				E1D31DDD192C53950073AA65 /* DCIntrospect.m */,
				E1D31DDE192C53950073AA65 /* DCIntrospectSettings.h */,
				E1D31DDF192C53950073AA65 /* DCStatusBarOverlay.h */,
				E1D31DE0192C53950073AA65 /* DCStatusBarOverlay.m */,
				E1D31DE1192C53950073AA65 /* DCTextView.h */,
				E1D31DE2192C53950073AA65 /* DCTextView.m */,
				E1D31DE3192C53950073AA65 /* UIView+DCAdditions.h */,
				E1D31DE4192C53950073AA65 /* UIView+DCAdditions.m */,
			);
			path = "DCIntrospect-ARC";
			sourceTree = "<group>";
		};
/* End PBXGroup section */

/* Begin PBXNativeTarget section */
		E162B8251929160A00C3B944 /* SCTableView */ = {
			isa = PBXNativeTarget;
			buildConfigurationList = E162B8581929160A00C3B944 /* Build configuration list for PBXNativeTarget "SCTableView" */;
			buildPhases = (
				E162B8221929160A00C3B944 /* Sources */,
				E162B8231929160A00C3B944 /* Frameworks */,
				E162B8241929160A00C3B944 /* Resources */,
			);
			buildRules = (
			);
			dependencies = (
			);
			name = SCTableView;
			productName = SCTableView;
			productReference = E162B8261929160A00C3B944 /* SCTableView.app */;
			productType = "com.apple.product-type.application";
		};
		E162B8461929160A00C3B944 /* SCTableViewTests */ = {
			isa = PBXNativeTarget;
			buildConfigurationList = E162B85B1929160A00C3B944 /* Build configuration list for PBXNativeTarget "SCTableViewTests" */;
			buildPhases = (
				E162B8431929160A00C3B944 /* Sources */,
				E162B8441929160A00C3B944 /* Frameworks */,
				E162B8451929160A00C3B944 /* Resources */,
			);
			buildRules = (
			);
			dependencies = (
				E162B84D1929160A00C3B944 /* PBXTargetDependency */,
			);
			name = SCTableViewTests;
			productName = SCTableViewTests;
			productReference = E162B8471929160A00C3B944 /* SCTableViewTests.xctest */;
			productType = "com.apple.product-type.bundle.unit-test";
		};
/* End PBXNativeTarget section */

/* Begin PBXProject section */
		E162B81E1929160A00C3B944 /* Project object */ = {
			isa = PBXProject;
			attributes = {
				LastUpgradeCheck = 0500;
				ORGANIZATIONNAME = Aevitx;
				TargetAttributes = {
					E162B8461929160A00C3B944 = {
						TestTargetID = E162B8251929160A00C3B944;
					};
				};
			};
			buildConfigurationList = E162B8211929160A00C3B944 /* Build configuration list for PBXProject "SCTableView" */;
			compatibilityVersion = "Xcode 3.2";
			developmentRegion = English;
			hasScannedForEncodings = 0;
			knownRegions = (
				en,
				Base,
			);
			mainGroup = E162B81D1929160A00C3B944;
			productRefGroup = E162B8271929160A00C3B944 /* Products */;
			projectDirPath = "";
			projectRoot = "";
			targets = (
				E162B8251929160A00C3B944 /* SCTableView */,
				E162B8461929160A00C3B944 /* SCTableViewTests */,
			);
		};
/* End PBXProject section */

/* Begin PBXResourcesBuildPhase section */
		E162B8241929160A00C3B944 /* Resources */ = {
			isa = PBXResourcesBuildPhase;
			buildActionMask = 2147483647;
			files = (
				E162B8421929160A00C3B944 /* Images.xcassets in Resources */,
				E162B8341929160A00C3B944 /* InfoPlist.strings in Resources */,
				E162B83D1929160A00C3B944 /* Main.storyboard in Resources */,
			);
			runOnlyForDeploymentPostprocessing = 0;
		};
		E162B8451929160A00C3B944 /* Resources */ = {
			isa = PBXResourcesBuildPhase;
			buildActionMask = 2147483647;
			files = (
				E162B8531929160A00C3B944 /* InfoPlist.strings in Resources */,
			);
			runOnlyForDeploymentPostprocessing = 0;
		};
/* End PBXResourcesBuildPhase section */

/* Begin PBXSourcesBuildPhase section */
		E162B8221929160A00C3B944 /* Sources */ = {
			isa = PBXSourcesBuildPhase;
			buildActionMask = 2147483647;
			files = (
				E1D31DE5192C53950073AA65 /* DCCrossHairView.m in Sources */,
				E1D31DEA192C53950073AA65 /* UIView+DCAdditions.m in Sources */,
				E162B8401929160A00C3B944 /* ViewController.m in Sources */,
				E162B8611929166600C3B944 /* SCTableView.m in Sources */,
				E162B83A1929160A00C3B944 /* AppDelegate.m in Sources */,
				E162B869192922D200C3B944 /* SCLoadMoreFooterView.m in Sources */,
				E1118AD91935003800D453E3 /* SCRereshHeaderView.m in Sources */,
				E1D31DE6192C53950073AA65 /* DCFrameView.m in Sources */,
				E162B8361929160A00C3B944 /* main.m in Sources */,
				E1D31DD5192C4EFD0073AA65 /* SCMessageManager.m in Sources */,
				E1D31DE7192C53950073AA65 /* DCIntrospect.m in Sources */,
				E1D31DE8192C53950073AA65 /* DCStatusBarOverlay.m in Sources */,
				E1118AD61934FD7000D453E3 /* SCLoadingView.m in Sources */,
				E1D31DE9192C53950073AA65 /* DCTextView.m in Sources */,
			);
			runOnlyForDeploymentPostprocessing = 0;
		};
		E162B8431929160A00C3B944 /* Sources */ = {
			isa = PBXSourcesBuildPhase;
			buildActionMask = 2147483647;
			files = (
				E162B8551929160A00C3B944 /* SCTableViewTests.m in Sources */,
			);
			runOnlyForDeploymentPostprocessing = 0;
		};
/* End PBXSourcesBuildPhase section */

/* Begin PBXTargetDependency section */
		E162B84D1929160A00C3B944 /* PBXTargetDependency */ = {
			isa = PBXTargetDependency;
			target = E162B8251929160A00C3B944 /* SCTableView */;
			targetProxy = E162B84C1929160A00C3B944 /* PBXContainerItemProxy */;
		};
/* End PBXTargetDependency section */

/* Begin PBXVariantGroup section */
		E162B8321929160A00C3B944 /* InfoPlist.strings */ = {
			isa = PBXVariantGroup;
			children = (
				E162B8331929160A00C3B944 /* en */,
			);
			name = InfoPlist.strings;
			sourceTree = "<group>";
		};
		E162B83B1929160A00C3B944 /* Main.storyboard */ = {
			isa = PBXVariantGroup;
			children = (
				E162B83C1929160A00C3B944 /* Base */,
			);
			name = Main.storyboard;
			sourceTree = "<group>";
		};
		E162B8511929160A00C3B944 /* InfoPlist.strings */ = {
			isa = PBXVariantGroup;
			children = (
				E162B8521929160A00C3B944 /* en */,
			);
			name = InfoPlist.strings;
			sourceTree = "<group>";
		};
/* End PBXVariantGroup section */

/* Begin XCBuildConfiguration section */
		E162B8561929160A00C3B944 /* Debug */ = {
			isa = XCBuildConfiguration;
			buildSettings = {
				ALWAYS_SEARCH_USER_PATHS = NO;
				ARCHS = "$(ARCHS_STANDARD_INCLUDING_64_BIT)";
				CLANG_CXX_LANGUAGE_STANDARD = "gnu++0x";
				CLANG_CXX_LIBRARY = "libc++";
				CLANG_ENABLE_MODULES = YES;
				CLANG_ENABLE_OBJC_ARC = YES;
				CLANG_WARN_BOOL_CONVERSION = YES;
				CLANG_WARN_CONSTANT_CONVERSION = YES;
				CLANG_WARN_DIRECT_OBJC_ISA_USAGE = YES_ERROR;
				CLANG_WARN_EMPTY_BODY = YES;
				CLANG_WARN_ENUM_CONVERSION = YES;
				CLANG_WARN_INT_CONVERSION = YES;
				CLANG_WARN_OBJC_ROOT_CLASS = YES_ERROR;
				CLANG_WARN__DUPLICATE_METHOD_MATCH = YES;
				"CODE_SIGN_IDENTITY[sdk=iphoneos*]" = "iPhone Developer";
				COPY_PHASE_STRIP = NO;
				GCC_C_LANGUAGE_STANDARD = gnu99;
				GCC_DYNAMIC_NO_PIC = NO;
				GCC_OPTIMIZATION_LEVEL = 0;
				GCC_PREPROCESSOR_DEFINITIONS = (
					"DEBUG=1",
					"$(inherited)",
				);
				GCC_SYMBOLS_PRIVATE_EXTERN = NO;
				GCC_WARN_64_TO_32_BIT_CONVERSION = YES;
				GCC_WARN_ABOUT_RETURN_TYPE = YES_ERROR;
				GCC_WARN_UNDECLARED_SELECTOR = YES;
				GCC_WARN_UNINITIALIZED_AUTOS = YES;
				GCC_WARN_UNUSED_FUNCTION = YES;
				GCC_WARN_UNUSED_VARIABLE = YES;
				IPHONEOS_DEPLOYMENT_TARGET = 7.0;
				ONLY_ACTIVE_ARCH = YES;
				SDKROOT = iphoneos;
			};
			name = Debug;
		};
		E162B8571929160A00C3B944 /* Release */ = {
			isa = XCBuildConfiguration;
			buildSettings = {
				ALWAYS_SEARCH_USER_PATHS = NO;
				ARCHS = "$(ARCHS_STANDARD_INCLUDING_64_BIT)";
				CLANG_CXX_LANGUAGE_STANDARD = "gnu++0x";
				CLANG_CXX_LIBRARY = "libc++";
				CLANG_ENABLE_MODULES = YES;
				CLANG_ENABLE_OBJC_ARC = YES;
				CLANG_WARN_BOOL_CONVERSION = YES;
				CLANG_WARN_CONSTANT_CONVERSION = YES;
				CLANG_WARN_DIRECT_OBJC_ISA_USAGE = YES_ERROR;
				CLANG_WARN_EMPTY_BODY = YES;
				CLANG_WARN_ENUM_CONVERSION = YES;
				CLANG_WARN_INT_CONVERSION = YES;
				CLANG_WARN_OBJC_ROOT_CLASS = YES_ERROR;
				CLANG_WARN__DUPLICATE_METHOD_MATCH = YES;
				"CODE_SIGN_IDENTITY[sdk=iphoneos*]" = "iPhone Developer";
				COPY_PHASE_STRIP = YES;
				ENABLE_NS_ASSERTIONS = NO;
				GCC_C_LANGUAGE_STANDARD = gnu99;
				GCC_WARN_64_TO_32_BIT_CONVERSION = YES;
				GCC_WARN_ABOUT_RETURN_TYPE = YES_ERROR;
				GCC_WARN_UNDECLARED_SELECTOR = YES;
				GCC_WARN_UNINITIALIZED_AUTOS = YES;
				GCC_WARN_UNUSED_FUNCTION = YES;
				GCC_WARN_UNUSED_VARIABLE = YES;
				IPHONEOS_DEPLOYMENT_TARGET = 7.0;
				SDKROOT = iphoneos;
				VALIDATE_PRODUCT = YES;
			};
			name = Release;
		};
		E162B8591929160A00C3B944 /* Debug */ = {
			isa = XCBuildConfiguration;
			buildSettings = {
				ASSETCATALOG_COMPILER_APPICON_NAME = AppIcon;
				ASSETCATALOG_COMPILER_LAUNCHIMAGE_NAME = LaunchImage;
				GCC_PRECOMPILE_PREFIX_HEADER = YES;
				GCC_PREFIX_HEADER = "SCTableView/SCTableView-Prefix.pch";
				INFOPLIST_FILE = "SCTableView/SCTableView-Info.plist";
				PRODUCT_NAME = "$(TARGET_NAME)";
				WRAPPER_EXTENSION = app;
			};
			name = Debug;
		};
		E162B85A1929160A00C3B944 /* Release */ = {
			isa = XCBuildConfiguration;
			buildSettings = {
				ASSETCATALOG_COMPILER_APPICON_NAME = AppIcon;
				ASSETCATALOG_COMPILER_LAUNCHIMAGE_NAME = LaunchImage;
				GCC_PRECOMPILE_PREFIX_HEADER = YES;
				GCC_PREFIX_HEADER = "SCTableView/SCTableView-Prefix.pch";
				INFOPLIST_FILE = "SCTableView/SCTableView-Info.plist";
				PRODUCT_NAME = "$(TARGET_NAME)";
				WRAPPER_EXTENSION = app;
			};
			name = Release;
		};
		E162B85C1929160A00C3B944 /* Debug */ = {
			isa = XCBuildConfiguration;
			buildSettings = {
				ARCHS = "$(ARCHS_STANDARD_INCLUDING_64_BIT)";
				BUNDLE_LOADER = "$(BUILT_PRODUCTS_DIR)/SCTableView.app/SCTableView";
				FRAMEWORK_SEARCH_PATHS = (
					"$(SDKROOT)/Developer/Library/Frameworks",
					"$(inherited)",
					"$(DEVELOPER_FRAMEWORKS_DIR)",
				);
				GCC_PRECOMPILE_PREFIX_HEADER = YES;
				GCC_PREFIX_HEADER = "SCTableView/SCTableView-Prefix.pch";
				GCC_PREPROCESSOR_DEFINITIONS = (
					"DEBUG=1",
					"$(inherited)",
				);
				INFOPLIST_FILE = "SCTableViewTests/SCTableViewTests-Info.plist";
				PRODUCT_NAME = "$(TARGET_NAME)";
				TEST_HOST = "$(BUNDLE_LOADER)";
				WRAPPER_EXTENSION = xctest;
			};
			name = Debug;
		};
		E162B85D1929160A00C3B944 /* Release */ = {
			isa = XCBuildConfiguration;
			buildSettings = {
				ARCHS = "$(ARCHS_STANDARD_INCLUDING_64_BIT)";
				BUNDLE_LOADER = "$(BUILT_PRODUCTS_DIR)/SCTableView.app/SCTableView";
				FRAMEWORK_SEARCH_PATHS = (
					"$(SDKROOT)/Developer/Library/Frameworks",
					"$(inherited)",
					"$(DEVELOPER_FRAMEWORKS_DIR)",
				);
				GCC_PRECOMPILE_PREFIX_HEADER = YES;
				GCC_PREFIX_HEADER = "SCTableView/SCTableView-Prefix.pch";
				INFOPLIST_FILE = "SCTableViewTests/SCTableViewTests-Info.plist";
				PRODUCT_NAME = "$(TARGET_NAME)";
				TEST_HOST = "$(BUNDLE_LOADER)";
				WRAPPER_EXTENSION = xctest;
			};
			name = Release;
		};
/* End XCBuildConfiguration section */

/* Begin XCConfigurationList section */
		E162B8211929160A00C3B944 /* Build configuration list for PBXProject "SCTableView" */ = {
			isa = XCConfigurationList;
			buildConfigurations = (
				E162B8561929160A00C3B944 /* Debug */,
				E162B8571929160A00C3B944 /* Release */,
			);
			defaultConfigurationIsVisible = 0;
			defaultConfigurationName = Release;
		};
		E162B8581929160A00C3B944 /* Build configuration list for PBXNativeTarget "SCTableView" */ = {
			isa = XCConfigurationList;
			buildConfigurations = (
				E162B8591929160A00C3B944 /* Debug */,
				E162B85A1929160A00C3B944 /* Release */,
			);
			defaultConfigurationIsVisible = 0;
			defaultConfigurationName = Release;
		};
		E162B85B1929160A00C3B944 /* Build configuration list for PBXNativeTarget "SCTableViewTests" */ = {
			isa = XCConfigurationList;
			buildConfigurations = (
				E162B85C1929160A00C3B944 /* Debug */,
				E162B85D1929160A00C3B944 /* Release */,
			);
			defaultConfigurationIsVisible = 0;
			defaultConfigurationName = Release;
		};
/* End XCConfigurationList section */
	};
	rootObject = E162B81E1929160A00C3B944 /* Project object */;
}
